{
  "name": "blog-hexo-rasmuskl",
  "version": "2.2.1",
  "lockfileVersion": 1,
  "requires": true,
  "dependencies": {
    "hexo": {
      "version": "2.2.1",
      "resolved": "https://registry.npmjs.org/hexo/-/hexo-2.2.1.tgz",
      "integrity": "sha1-hwJ1wForL5ZIkVxLTznz1EUTbVU=",
      "dev": true,
      "requires": {
        "async": "0.2.9",
        "colors": "0.6.2",
        "ejs": "0.8.4",
        "express": "3.4.0",
        "graceful-fs": "2.0.1",
        "highlight.js": "7.3.0",
        "lodash": "2.2.1",
        "marked": "0.2.9",
        "moment": "2.3.1",
        "nib": "1.0.1",
        "optimist": "0.6.0",
        "sprintf-js": "0.0.7",
        "stylus": "0.38.0",
        "swig": "0.14.0",
        "warehouse": "0.1.11",
        "watch": "0.8.0",
        "yamljs": "0.1.4"
      },
      "dependencies": {
        "async": {
          "version": "0.2.9",
          "resolved": "https://registry.npmjs.org/async/-/async-0.2.9.tgz",
          "integrity": "sha1-32MGD789Myhqdqr21Vophtn/hhk=",
          "dev": true
        },
        "colors": {
          "version": "0.6.2",
          "resolved": "https://registry.npmjs.org/colors/-/colors-0.6.2.tgz",
          "integrity": "sha1-JCP+ZnisDF2uiFLl0OW+CMmXq8w=",
          "dev": true
        },
        "ejs": {
          "version": "0.8.4",
          "resolved": "https://registry.npmjs.org/ejs/-/ejs-0.8.4.tgz",
          "integrity": "sha1-UuYXVeXpf7xa7rB99JpOBiv/MNU=",
          "dev": true
        },
        "express": {
          "version": "3.4.0",
          "resolved": "https://registry.npmjs.org/express/-/express-3.4.0.tgz",
          "integrity": "sha1-btKJ2g1fVawwmXz4MuX8NveEBx4=",
          "dev": true,
          "requires": {
            "buffer-crc32": "0.2.1",
            "commander": "1.2.0",
            "connect": "2.9.0",
            "cookie": "0.1.0",
            "cookie-signature": "1.0.1",
            "debug": "2.2.0",
            "fresh": "0.2.0",
            "methods": "0.0.1",
            "mkdirp": "0.3.5",
            "range-parser": "0.0.4",
            "send": "0.1.4"
          },
          "dependencies": {
            "buffer-crc32": {
              "version": "0.2.1",
              "resolved": "https://registry.npmjs.org/buffer-crc32/-/buffer-crc32-0.2.1.tgz",
              "integrity": "sha1-vj5TgvwCttYySVasGvmKqYsIU0w=",
              "dev": true
            },
            "commander": {
              "version": "1.2.0",
              "resolved": "https://registry.npmjs.org/commander/-/commander-1.2.0.tgz",
              "integrity": "sha1-/VcTv6FTx9bMWZN4patMRcU1Ap4=",
              "dev": true,
              "requires": {
                "keypress": "0.1.0"
              },
              "dependencies": {
                "keypress": {
                  "version": "0.1.0",
                  "resolved": "https://registry.npmjs.org/keypress/-/keypress-0.1.0.tgz",
                  "integrity": "sha1-SjGI1CkbZrT2XtuZ+AaqmuKTWSo=",
                  "dev": true
                }
              }
            },
            "connect": {
              "version": "2.9.0",
              "resolved": "https://registry.npmjs.org/connect/-/connect-2.9.0.tgz",
              "integrity": "sha1-7PR4tvJyPnLPmhnRx9GdCze1N0Y=",
              "dev": true,
              "requires": {
                "buffer-crc32": "0.2.1",
                "bytes": "0.2.0",
                "cookie": "0.1.0",
                "cookie-signature": "1.0.1",
                "debug": "2.2.0",
                "fresh": "0.2.0",
                "methods": "0.0.1",
                "multiparty": "2.1.8",
                "pause": "0.0.1",
                "qs": "0.6.5",
                "send": "0.1.4",
                "uid2": "0.0.2"
              },
              "dependencies": {
                "bytes": {
                  "version": "0.2.0",
                  "resolved": "https://registry.npmjs.org/bytes/-/bytes-0.2.0.tgz",
                  "integrity": "sha1-qtM+wU49wsp06OfUUfm6BTrU96A=",
                  "dev": true
                },
                "multiparty": {
                  "version": "2.1.8",
                  "resolved": "https://registry.npmjs.org/multiparty/-/multiparty-2.1.8.tgz",
                  "integrity": "sha1-NaMYNDI1eO5l9dhwVoCXkUc5z04=",
                  "dev": true,
                  "requires": {
                    "readable-stream": "1.0.33",
                    "stream-counter": "0.1.0"
                  },
                  "dependencies": {
                    "readable-stream": {
                      "version": "1.0.33",
                      "resolved": "https://registry.npmjs.org/readable-stream/-/readable-stream-1.0.33.tgz",
                      "integrity": "sha1-OjYN1mwbHX/UcFOJhg7aHQ9hEmw=",
                      "dev": true,
                      "requires": {
                        "core-util-is": "1.0.1",
                        "inherits": "2.0.1",
                        "isarray": "0.0.1",
                        "string_decoder": "0.10.31"
                      },
                      "dependencies": {
                        "core-util-is": {
                          "version": "1.0.1",
                          "resolved": "https://registry.npmjs.org/core-util-is/-/core-util-is-1.0.1.tgz",
                          "integrity": "sha1-awcIWu+aPMrG7lO/nT3wwVIaVTg=",
                          "dev": true
                        },
                        "inherits": {
                          "version": "2.0.1",
                          "resolved": "https://registry.npmjs.org/inherits/-/inherits-2.0.1.tgz",
                          "integrity": "sha1-sX0I0ya0Qj5Wjv9xn5GwscvfafE=",
                          "dev": true
                        },
                        "isarray": {
                          "version": "0.0.1",
                          "resolved": "https://registry.npmjs.org/isarray/-/isarray-0.0.1.tgz",
                          "integrity": "sha1-ihis/Kmo9Bd+Cav8YDiTmwXR7t8=",
                          "dev": true
                        },
                        "string_decoder": {
                          "version": "0.10.31",
                          "resolved": "https://registry.npmjs.org/string_decoder/-/string_decoder-0.10.31.tgz",
                          "integrity": "sha1-YuIDvEF2bGwoyfyEMB2rHFMQ+pQ=",
                          "dev": true
                        }
                      }
                    },
                    "stream-counter": {
                      "version": "0.1.0",
                      "resolved": "https://registry.npmjs.org/stream-counter/-/stream-counter-0.1.0.tgz",
                      "integrity": "sha1-oDXkKTYftX82Fgbhf82Ki5Z3Mns=",
                      "dev": true,
                      "requires": {
                        "readable-stream": "1.0.33"
                      }
                    }
                  }
                },
                "pause": {
                  "version": "0.0.1",
                  "resolved": "https://registry.npmjs.org/pause/-/pause-0.0.1.tgz",
                  "integrity": "sha1-HUCLP9t2kjuVQ9lvtMnf1TXZy10=",
                  "dev": true
                },
                "qs": {
                  "version": "0.6.5",
                  "resolved": "https://registry.npmjs.org/qs/-/qs-0.6.5.tgz",
                  "integrity": "sha1-KUsmjksNQlD23eGbO4s0k13/FO8=",
                  "dev": true
                },
                "uid2": {
                  "version": "0.0.2",
                  "resolved": "https://registry.npmjs.org/uid2/-/uid2-0.0.2.tgz",
                  "integrity": "sha1-EH+xVcgsETZiB5ftTIjPKwj2qrg=",
                  "dev": true
                }
              }
            },
            "cookie": {
              "version": "0.1.0",
              "resolved": "https://registry.npmjs.org/cookie/-/cookie-0.1.0.tgz",
              "integrity": "sha1-kOtGndzpBchm3mh+/EMTHYgB+dA=",
              "dev": true
            },
            "cookie-signature": {
              "version": "1.0.1",
              "resolved": "https://registry.npmjs.org/cookie-signature/-/cookie-signature-1.0.1.tgz",
              "integrity": "sha1-ROByFIrwHm6OJK+/EmkNaK5pjss=",
              "dev": true
            },
            "debug": {
              "version": "2.2.0",
              "resolved": "https://registry.npmjs.org/debug/-/debug-2.2.0.tgz",
              "integrity": "sha1-+HBX6ZWxofauaklgZkE3vFbwOdo=",
              "dev": true,
              "requires": {
                "ms": "0.7.1"
              },
              "dependencies": {
                "ms": {
                  "version": "0.7.1",
                  "resolved": "https://registry.npmjs.org/ms/-/ms-0.7.1.tgz",
                  "integrity": "sha1-nNE8A62/8ltl7/3nzoZO6VIBcJg=",
                  "dev": true
                }
              }
            },
            "fresh": {
              "version": "0.2.0",
              "resolved": "https://registry.npmjs.org/fresh/-/fresh-0.2.0.tgz",
              "integrity": "sha1-v9lALPPfEsSkwxDHn5mj3eE9NKc=",
              "dev": true
            },
            "methods": {
              "version": "0.0.1",
              "resolved": "https://registry.npmjs.org/methods/-/methods-0.0.1.tgz",
              "integrity": "sha1-J3yQ+L7zlwlkWoNxxRw7bGSOBow=",
              "dev": true
            },
            "mkdirp": {
              "version": "0.3.5",
              "resolved": "https://registry.npmjs.org/mkdirp/-/mkdirp-0.3.5.tgz",
              "integrity": "sha1-3j5fiWHIjHh+4TaN+EmsRBPsqNc=",
              "dev": true
            },
            "range-parser": {
              "version": "0.0.4",
              "resolved": "https://registry.npmjs.org/range-parser/-/range-parser-0.0.4.tgz",
              "integrity": "sha1-wEJ//vUcEKy6B4KkbJYC50T/Ygs=",
              "dev": true
            },
            "send": {
              "version": "0.1.4",
              "resolved": "https://registry.npmjs.org/send/-/send-0.1.4.tgz",
              "integrity": "sha1-vnDY0b4B3mGCGvE3gLUDRaT3Gr0=",
              "dev": true,
              "requires": {
                "debug": "2.2.0",
                "fresh": "0.2.0",
                "mime": "1.2.11",
                "range-parser": "0.0.4"
              },
              "dependencies": {
                "mime": {
                  "version": "1.2.11",
                  "resolved": "https://registry.npmjs.org/mime/-/mime-1.2.11.tgz",
                  "integrity": "sha1-WCA+7Ybjpe8XrtK32evUfwpg3RA=",
                  "dev": true
                }
              }
            }
          }
        },
        "graceful-fs": {
          "version": "2.0.1",
          "resolved": "https://registry.npmjs.org/graceful-fs/-/graceful-fs-2.0.1.tgz",
          "integrity": "sha1-f9bgpIN8NdDMFTMClNlYSjiYz4Q=",
          "dev": true
        },
        "highlight.js": {
          "version": "7.3.0",
          "resolved": "https://registry.npmjs.org/highlight.js/-/highlight.js-7.3.0.tgz",
          "integrity": "sha1-bF8PZOcHj2ZAK82/yJEQw/0bqZ8=",
          "dev": true
        },
        "lodash": {
          "version": "2.2.1",
          "resolved": "https://registry.npmjs.org/lodash/-/lodash-2.2.1.tgz",
          "integrity": "sha1-ypNf0UqzwMhyq6zxmLnNpQFECGc=",
          "dev": true
        },
        "marked": {
          "version": "0.2.9",
          "resolved": "https://registry.npmjs.org/marked/-/marked-0.2.9.tgz",
          "integrity": "sha1-es7emFL4R61LNHIBssTBjJ045ck=",
          "dev": true
        },
        "moment": {
          "version": "2.3.1",
          "resolved": "https://registry.npmjs.org/moment/-/moment-2.3.1.tgz",
          "integrity": "sha1-2nPXD2Jla7W36vA4f3k79hITEuM=",
          "dev": true
        },
        "nib": {
          "version": "1.0.1",
          "resolved": "https://registry.npmjs.org/nib/-/nib-1.0.1.tgz",
          "integrity": "sha1-UFueuZmOnyTVB+lUs30qRCePNHA=",
          "dev": true,
          "requires": {
            "stylus": "0.35.1"
          },
          "dependencies": {
            "stylus": {
              "version": "0.35.1",
              "resolved": "https://registry.npmjs.org/stylus/-/stylus-0.35.1.tgz",
              "integrity": "sha1-7U9M83jC+IOwRjPwHlx2/+l2CE8=",
              "dev": true,
              "requires": {
                "cssom": "0.2.5",
                "debug": "2.2.0",
                "mkdirp": "0.3.5",
                "sax": "0.5.8"
              },
              "dependencies": {
                "cssom": {
                  "version": "0.2.5",
                  "resolved": "https://registry.npmjs.org/cssom/-/cssom-0.2.5.tgz",
                  "integrity": "sha1-JoJwm1kC5yEt9SkRb/eIzVslSJQ=",
                  "dev": true
                },
                "debug": {
                  "version": "2.2.0",
                  "resolved": "https://registry.npmjs.org/debug/-/debug-2.2.0.tgz",
                  "integrity": "sha1-+HBX6ZWxofauaklgZkE3vFbwOdo=",
                  "dev": true,
                  "requires": {
                    "ms": "0.7.1"
                  },
                  "dependencies": {
                    "ms": {
                      "version": "0.7.1",
                      "resolved": "https://registry.npmjs.org/ms/-/ms-0.7.1.tgz",
                      "integrity": "sha1-nNE8A62/8ltl7/3nzoZO6VIBcJg=",
                      "dev": true
                    }
                  }
                },
                "mkdirp": {
                  "version": "0.3.5",
                  "resolved": "https://registry.npmjs.org/mkdirp/-/mkdirp-0.3.5.tgz",
                  "integrity": "sha1-3j5fiWHIjHh+4TaN+EmsRBPsqNc=",
                  "dev": true
                },
                "sax": {
                  "version": "0.5.8",
                  "resolved": "https://registry.npmjs.org/sax/-/sax-0.5.8.tgz",
                  "integrity": "sha1-1HLbIo6zMcJQaw6MFVJK25OdEsE=",
                  "dev": true
                }
              }
            }
          }
        },
        "optimist": {
          "version": "0.6.0",
          "resolved": "https://registry.npmjs.org/optimist/-/optimist-0.6.0.tgz",
          "integrity": "sha1-aUJIJvNAX3nxQub8PZrljU27kgA=",
          "dev": true,
          "requires": {
            "minimist": "0.0.10",
            "wordwrap": "0.0.3"
          },
          "dependencies": {
            "minimist": {
              "version": "0.0.10",
              "resolved": "https://registry.npmjs.org/minimist/-/minimist-0.0.10.tgz",
              "integrity": "sha1-3j+YVD2/lggr5IrRoMfNqDYwHc8=",
              "dev": true
            },
            "wordwrap": {
              "version": "0.0.3",
              "resolved": "https://registry.npmjs.org/wordwrap/-/wordwrap-0.0.3.tgz",
              "integrity": "sha1-o9XabNXAvAAI03I0u68b7WMFkQc=",
              "dev": true
            }
          }
        },
        "sprintf-js": {
          "version": "0.0.7",
          "resolved": "https://registry.npmjs.org/sprintf-js/-/sprintf-js-0.0.7.tgz",
          "integrity": "sha1-8A14/RYBMICbSrNAwDEPqnElPb0=",
          "dev": true
        },
        "stylus": {
          "version": "0.38.0",
          "resolved": "https://registry.npmjs.org/stylus/-/stylus-0.38.0.tgz",
          "integrity": "sha1-a9BYHbDuBJElFjnTOGhfcjLKBhA=",
          "dev": true,
          "requires": {
            "cssom": "0.2.5",
            "debug": "2.2.0",
            "mkdirp": "0.3.5",
            "sax": "0.5.8"
          },
          "dependencies": {
            "cssom": {
              "version": "0.2.5",
              "resolved": "https://registry.npmjs.org/cssom/-/cssom-0.2.5.tgz",
              "integrity": "sha1-JoJwm1kC5yEt9SkRb/eIzVslSJQ=",
              "dev": true
            },
            "debug": {
              "version": "2.2.0",
              "resolved": "https://registry.npmjs.org/debug/-/debug-2.2.0.tgz",
              "integrity": "sha1-+HBX6ZWxofauaklgZkE3vFbwOdo=",
              "dev": true,
              "requires": {
                "ms": "0.7.1"
              },
              "dependencies": {
                "ms": {
                  "version": "0.7.1",
                  "resolved": "https://registry.npmjs.org/ms/-/ms-0.7.1.tgz",
                  "integrity": "sha1-nNE8A62/8ltl7/3nzoZO6VIBcJg=",
                  "dev": true
                }
              }
            },
            "mkdirp": {
              "version": "0.3.5",
              "resolved": "https://registry.npmjs.org/mkdirp/-/mkdirp-0.3.5.tgz",
              "integrity": "sha1-3j5fiWHIjHh+4TaN+EmsRBPsqNc=",
              "dev": true
            },
            "sax": {
              "version": "0.5.8",
              "resolved": "https://registry.npmjs.org/sax/-/sax-0.5.8.tgz",
              "integrity": "sha1-1HLbIo6zMcJQaw6MFVJK25OdEsE=",
              "dev": true
            }
          }
        },
        "swig": {
          "version": "0.14.0",
          "resolved": "https://registry.npmjs.org/swig/-/swig-0.14.0.tgz",
          "integrity": "sha1-VEv7O9g3YIhz7tanLGcqKMsfGz8=",
          "dev": true,
          "requires": {
            "underscore": "1.8.3"
          },
          "dependencies": {
            "underscore": {
              "version": "1.8.3",
              "resolved": "https://registry.npmjs.org/underscore/-/underscore-1.8.3.tgz",
              "integrity": "sha1-Tz+1OxBuYJf8+ctBCfKl6b36UCI=",
              "dev": true
            }
          }
        },
        "warehouse": {
          "version": "0.1.11",
          "resolved": "https://registry.npmjs.org/warehouse/-/warehouse-0.1.11.tgz",
          "integrity": "sha1-VDW7Q2KbnfMRAouoro+h9VUaMyU=",
          "dev": true,
          "requires": {
            "async": "0.2.9",
            "lodash": "2.0.0"
          },
          "dependencies": {
            "lodash": {
              "version": "2.0.0",
              "resolved": "https://registry.npmjs.org/lodash/-/lodash-2.0.0.tgz",
              "integrity": "sha1-nc+eP6wErQo4yeLbacn7fOJtq8I=",
              "dev": true
            }
          }
        },
        "watch": {
          "version": "0.8.0",
          "resolved": "https://registry.npmjs.org/watch/-/watch-0.8.0.tgz",
          "integrity": "sha1-G7DupT3v5uYh6cjGPANYAH7L28w=",
          "dev": true
        },
        "yamljs": {
          "version": "0.1.4",
          "resolved": "https://registry.npmjs.org/yamljs/-/yamljs-0.1.4.tgz",
          "integrity": "sha1-ZleJr8KtS5Ar9APwDoW2Q04PMwA=",
          "dev": true,
          "requires": {
            "argparse": "0.1.16",
            "glob": "3.1.21"
          },
          "dependencies": {
            "argparse": {
              "version": "0.1.16",
              "resolved": "https://registry.npmjs.org/argparse/-/argparse-0.1.16.tgz",
              "integrity": "sha1-z9AeD7uj1srtBJ+9dY1A9lGW9Xw=",
              "dev": true,
              "requires": {
                "underscore": "1.7.0",
                "underscore.string": "2.4.0"
              },
              "dependencies": {
                "underscore": {
                  "version": "1.7.0",
                  "resolved": "https://registry.npmjs.org/underscore/-/underscore-1.7.0.tgz",
                  "integrity": "sha1-a7rwh3UA02vjTsqlhODbn+8DUgk=",
                  "dev": true
                },
                "underscore.string": {
                  "version": "2.4.0",
                  "resolved": "https://registry.npmjs.org/underscore.string/-/underscore.string-2.4.0.tgz",
                  "integrity": "sha1-jN2PusTi0uoefi6Al8QvRCKA+Fs=",
                  "dev": true
                }
              }
            },
            "glob": {
              "version": "3.1.21",
              "resolved": "https://registry.npmjs.org/glob/-/glob-3.1.21.tgz",
              "integrity": "sha1-0p4KBV3qUTj00H7UDomC6DwgZs0=",
              "dev": true,
              "requires": {
                "graceful-fs": "1.2.3",
                "inherits": "1.0.2",
                "minimatch": "0.2.14"
              },
              "dependencies": {
                "graceful-fs": {
                  "version": "1.2.3",
                  "resolved": "https://registry.npmjs.org/graceful-fs/-/graceful-fs-1.2.3.tgz",
                  "integrity": "sha1-FaSAaldUfLLS2/J/QuiajDRRs2Q=",
                  "dev": true
                },
                "inherits": {
                  "version": "1.0.2",
                  "resolved": "https://registry.npmjs.org/inherits/-/inherits-1.0.2.tgz",
                  "integrity": "sha1-ykMJ2t7mtUzAuNJH6NfHoJdb3Js=",
                  "dev": true
                },
                "minimatch": {
                  "version": "0.2.14",
                  "resolved": "https://registry.npmjs.org/minimatch/-/minimatch-0.2.14.tgz",
                  "integrity": "sha1-x054BXT2PG+aCQ6Q775u9TpqdWo=",
                  "dev": true,
                  "requires": {
                    "lru-cache": "2.7.0",
                    "sigmund": "1.0.1"
                  },
                  "dependencies": {
                    "lru-cache": {
                      "version": "2.7.0",
                      "resolved": "https://registry.npmjs.org/lru-cache/-/lru-cache-2.7.0.tgz",
                      "integrity": "sha1-qqN2pM2XD5zr9ewZCVZuwDTwfuY=",
                      "dev": true
                    },
                    "sigmund": {
                      "version": "1.0.1",
                      "resolved": "https://registry.npmjs.org/sigmund/-/sigmund-1.0.1.tgz",
                      "integrity": "sha1-P/IfGYytIXX587eBhT/ZTQ0ZtZA=",
                      "dev": true
                    }
                  }
                }
              }
            }
          }
        }
      }
    },
    "hexo-generator-feed": {
      "version": "0.0.10",
      "resolved": "https://registry.npmjs.org/hexo-generator-feed/-/hexo-generator-feed-0.0.10.tgz",
      "integrity": "sha1-pJwZSGI8R8Its+NU+jfYwwGLCMA=",
      "requires": {
        "jstoxml": "0.2.3"
      },
      "dependencies": {
        "jstoxml": {
          "version": "0.2.3",
          "resolved": "https://registry.npmjs.org/jstoxml/-/jstoxml-0.2.3.tgz",
          "integrity": "sha1-k1JJuiBuVx+3xZ/ivAdIb7vYRao="
        }
      }
    }
  }
}
